
Microsoft Visual Studio Solution File, Format Version 12.00
# Visual Studio Version 17
VisualStudioVersion = 17.14.36429.23 d17.14
MinimumVisualStudioVersion = 10.0.40219.1
Project("{FAE04EC0-301F-11D3-BF4B-00C04F79EFBC}") = "WpfApp4", "WpfApp4.csproj", "{BE2518D6-A697-47F4-A386-292ED3FBBEC0}"
EndProject
Global
	GlobalSection(SolutionConfigurationPlatforms) = preSolution
		Debug|Any CPU = Debug|Any CPU
		Release|Any CPU = Release|Any CPU
	EndGlobalSection
	GlobalSection(ProjectConfigurationPlatforms) = postSolution
		{BE2518D6-A697-47F4-A386-292ED3FBBEC0}.Debug|Any CPU.ActiveCfg = Debug|Any CPU
		{BE2518D6-A697-47F4-A386-292ED3FBBEC0}.Debug|Any CPU.Build.0 = Debug|Any CPU
		{BE2518D6-A697-47F4-A386-292ED3FBBEC0}.Release|Any CPU.ActiveCfg = Release|Any CPU
		{BE2518D6-A697-47F4-A386-292ED3FBBEC0}.Release|Any CPU.Build.0 = Release|Any CPU
	EndGlobalSection
	GlobalSection(SolutionProperties) = preSolution
		HideSolutionNode = FALSE
	EndGlobalSection
	GlobalSection(ExtensibilityGlobals) = postSolution
		SolutionGuid = {6ACB11CE-A352-4CA8-BA4E-E58AC5D2BD94}
	EndGlobalSection
EndGlobal
